
Microsoft Visual Studio Solution File, Format Version 12.00
# Visual Studio Version 17
VisualStudioVersion = 17.3.32929.385
MinimumVisualStudioVersion = 10.0.40219.1
Project("{9A19103F-16F7-4668-BE54-9A1E7A4F7556}") = "WDeff.Server", "Server\WDeff.Server.csproj", "{2F5922DC-39B5-4B1E-B4D3-B0A39A8AA77E}"
EndProject
Project("{9A19103F-16F7-4668-BE54-9A1E7A4F7556}") = "WDeff.Client", "Client\WDeff.Client.csproj", "{7001C760-50D2-4C9E-B62B-ED7FBDC1AD2E}"
EndProject
Project("{9A19103F-16F7-4668-BE54-9A1E7A4F7556}") = "WDeff.Shared", "Shared\WDeff.Shared.csproj", "{2B2D26CA-9B21-48A1-AB99-F8BA3DF6E897}"
EndProject
Project("{2150E333-8FDC-42A3-9474-1A3956D46DE8}") = "AssetsXml", "AssetsXml", "{21F37C27-DB15-4535-A31D-DFB57137223C}"
	ProjectSection(SolutionItems) = preProject
		Server\XMLRead.cs = Server\XMLRead.cs
	EndProjectSection
EndProject
Global
	GlobalSection(SolutionConfigurationPlatforms) = preSolution
		Debug|Any CPU = Debug|Any CPU
		Release|Any CPU = Release|Any CPU
	EndGlobalSection
	GlobalSection(ProjectConfigurationPlatforms) = postSolution
		{2F5922DC-39B5-4B1E-B4D3-B0A39A8AA77E}.Debug|Any CPU.ActiveCfg = Debug|Any CPU
		{2F5922DC-39B5-4B1E-B4D3-B0A39A8AA77E}.Debug|Any CPU.Build.0 = Debug|Any CPU
		{2F5922DC-39B5-4B1E-B4D3-B0A39A8AA77E}.Release|Any CPU.ActiveCfg = Release|Any CPU
		{2F5922DC-39B5-4B1E-B4D3-B0A39A8AA77E}.Release|Any CPU.Build.0 = Release|Any CPU
		{7001C760-50D2-4C9E-B62B-ED7FBDC1AD2E}.Debug|Any CPU.ActiveCfg = Debug|Any CPU
		{7001C760-50D2-4C9E-B62B-ED7FBDC1AD2E}.Debug|Any CPU.Build.0 = Debug|Any CPU
		{7001C760-50D2-4C9E-B62B-ED7FBDC1AD2E}.Release|Any CPU.ActiveCfg = Release|Any CPU
		{7001C760-50D2-4C9E-B62B-ED7FBDC1AD2E}.Release|Any CPU.Build.0 = Release|Any CPU
		{2B2D26CA-9B21-48A1-AB99-F8BA3DF6E897}.Debug|Any CPU.ActiveCfg = Debug|Any CPU
		{2B2D26CA-9B21-48A1-AB99-F8BA3DF6E897}.Debug|Any CPU.Build.0 = Debug|Any CPU
		{2B2D26CA-9B21-48A1-AB99-F8BA3DF6E897}.Release|Any CPU.ActiveCfg = Release|Any CPU
		{2B2D26CA-9B21-48A1-AB99-F8BA3DF6E897}.Release|Any CPU.Build.0 = Release|Any CPU
	EndGlobalSection
	GlobalSection(SolutionProperties) = preSolution
		HideSolutionNode = FALSE
	EndGlobalSection
	GlobalSection(ExtensibilityGlobals) = postSolution
		SolutionGuid = {2A6E5349-C357-4605-9B1F-C7A90B3386AC}
	EndGlobalSection
EndGlobal
